<?xml version="1.0" encoding="UTF-8"?>
<CONFIG>
  <ProjectOptions>
    <Version Value="12"/>
    <General>
      <Flags>
        <CompatibilityMode Value="True"/>
      </Flags>
      <ResourceType Value="res"/>
      <UseXPManifest Value="True"/>
      <Icon Value="0"/>
    </General>
    <i18n>
      <EnableI18N LFM="False"/>
    </i18n>
    <BuildModes Count="3" Active="Default">
      <Item1 Name="Default" Default="True"/>
      <Item2 Name="Debug">
        <CompilerOptions>
          <Version Value="11"/>
          <Target>
            <Filename Value="../bin/blinkmyduino"/>
          </Target>
          <SearchPaths>
            <IncludeFiles Value="$(ProjOutDir)"/>
            <OtherUnitFiles Value="forms"/>
            <UnitOutputDirectory Value="../bin/lib/$(TargetCPU)-$(TargetOS)"/>
          </SearchPaths>
          <Parsing>
            <SyntaxOptions>
              <IncludeAssertionCode Value="True"/>
            </SyntaxOptions>
          </Parsing>
          <CodeGeneration>
            <Checks>
              <IOChecks Value="True"/>
              <RangeChecks Value="True"/>
              <OverflowChecks Value="True"/>
              <StackChecks Value="True"/>
            </Checks>
            <VerifyObjMethodCallValidity Value="True"/>
          </CodeGeneration>
          <Linking>
            <Debugging>
              <DebugInfoType Value="dsDwarf2Set"/>
              <UseHeaptrc Value="True"/>
              <TrashVariables Value="True"/>
              <UseExternalDbgSyms Value="True"/>
            </Debugging>
            <Options>
              <Win32>
                <GraphicApplication Value="True"/>
              </Win32>
            </Options>
          </Linking>
        </CompilerOptions>
      </Item2>
      <Item3 Name="Release">
        <CompilerOptions>
          <Version Value="11"/>
          <Target>
            <Filename Value="../bin/blinkmyduino"/>
          </Target>
          <SearchPaths>
            <IncludeFiles Value="$(ProjOutDir)"/>
            <OtherUnitFiles Value="forms"/>
            <UnitOutputDirectory Value="../bin/lib/$(TargetCPU)-$(TargetOS)"/>
          </SearchPaths>
          <CodeGeneration>
            <SmartLinkUnit Value="True"/>
            <Optimizations>
              <OptimizationLevel Value="3"/>
            </Optimizations>
          </CodeGeneration>
          <Linking>
            <Debugging>
              <GenerateDebugInfo Value="False"/>
            </Debugging>
            <LinkSmart Value="True"/>
            <Options>
              <Win32>
                <GraphicApplication Value="True"/>
              </Win32>
            </Options>
          </Linking>
        </CompilerOptions>
      </Item3>
    </BuildModes>
    <PublishOptions>
      <Version Value="2"/>
    </PublishOptions>
    <RunParams>
      <FormatVersion Value="2"/>
      <Modes Count="1">
        <Mode0 Name="default"/>
      </Modes>
    </RunParams>
    <RequiredPackages Count="1">
      <Item1>
        <PackageName Value="LCL"/>
      </Item1>
    </RequiredPackages>
    <Units Count="14">
      <Unit0>
        <Filename Value="blinkmyduino.lpr"/>
        <IsPartOfProject Value="True"/>
        <CursorPos Y="23"/>
        <UsageCount Value="51"/>
        <Loaded Value="True"/>
      </Unit0>
      <Unit1>
        <Filename Value="frmmainunit.pas"/>
        <ComponentName Value="frmMainForm"/>
        <HasResources Value="True"/>
        <ResourceBaseClass Value="Form"/>
        <UnitName Value="frmMainUnit"/>
        <EditorIndex Value="-1"/>
        <CursorPos X="18" Y="10"/>
        <UsageCount Value="51"/>
      </Unit1>
      <Unit2>
        <Filename Value="sequences/SequencesUnit.pas"/>
        <CursorPos Y="27"/>
        <UsageCount Value="8"/>
      </Unit2>
      <Unit3>
        <Filename Value="effects/Effects.pas"/>
        <UnitName Value="EffectsUnit"/>
        <CursorPos X="20" Y="8"/>
        <UsageCount Value="7"/>
      </Unit3>
      <Unit4>
        <Filename Value="effects/EffectsUnit.pas"/>
        <CursorPos Y="25"/>
        <UsageCount Value="8"/>
      </Unit4>
      <Unit5>
        <Filename Value="src/SequencesUnit.pas"/>
        <EditorIndex Value="-1"/>
        <UsageCount Value="25"/>
      </Unit5>
      <Unit6>
        <Filename Value="src/EffectsUnit.pas"/>
        <EditorIndex Value="-1"/>
        <UsageCount Value="25"/>
      </Unit6>
      <Unit7>
        <Filename Value="EffectsUnit.pas"/>
        <EditorIndex Value="-1"/>
        <UsageCount Value="10"/>
      </Unit7>
      <Unit8>
        <Filename Value="SequencesUnit.pas"/>
        <EditorIndex Value="-1"/>
        <UsageCount Value="10"/>
      </Unit8>
      <Unit9>
        <Filename Value="forms/bmd.forms.main.pas"/>
        <IsPartOfProject Value="True"/>
        <ComponentName Value="frmMainForm"/>
        <HasResources Value="True"/>
        <ResourceBaseClass Value="Form"/>
        <UnitName Value="BMD.Forms.Main"/>
        <EditorIndex Value="1"/>
        <CursorPos Y="23"/>
        <UsageCount Value="20"/>
        <Loaded Value="True"/>
        <LoadedDesigner Value="True"/>
      </Unit9>
      <Unit10>
        <Filename Value="data/bmd.data.effects.pas"/>
        <IsPartOfProject Value="True"/>
        <UnitName Value="BMD.Data.Effects"/>
        <IsVisibleTab Value="True"/>
        <EditorIndex Value="3"/>
        <CursorPos X="26"/>
        <UsageCount Value="20"/>
        <Loaded Value="True"/>
      </Unit10>
      <Unit11>
        <Filename Value="data/bmd.data.sequences.pas"/>
        <IsPartOfProject Value="True"/>
        <UnitName Value="BMD.Data.Sequences"/>
        <EditorIndex Value="2"/>
        <CursorPos X="28"/>
        <UsageCount Value="20"/>
        <Loaded Value="True"/>
      </Unit11>
      <Unit12>
        <Filename Value="../../buildRelease/src/buildRelease.lpr"/>
        <EditorIndex Value="-1"/>
        <UsageCount Value="10"/>
      </Unit12>
      <Unit13>
        <Filename Value="../../laz-JSON-Viewer/src/lazJSONViewer.lpr"/>
        <EditorIndex Value="-1"/>
        <CursorPos Y="23"/>
        <UsageCount Value="10"/>
      </Unit13>
    </Units>
    <JumpHistory Count="1">
      <Position1>
        <Filename Value="forms/bmd.forms.main.pas"/>
        <Caret Line="19" Column="22"/>
      </Position1>
    </JumpHistory>
  </ProjectOptions>
  <CompilerOptions>
    <Version Value="11"/>
    <Target>
      <Filename Value="../bin/blinkmyduino"/>
    </Target>
    <SearchPaths>
      <IncludeFiles Value="$(ProjOutDir)"/>
      <OtherUnitFiles Value="forms;data"/>
      <UnitOutputDirectory Value="../bin/lib/$(TargetCPU)-$(TargetOS)"/>
    </SearchPaths>
    <Linking>
      <Options>
        <Win32>
          <GraphicApplication Value="True"/>
        </Win32>
      </Options>
    </Linking>
  </CompilerOptions>
  <Debugging>
    <Exceptions Count="3">
      <Item1>
        <Name Value="EAbort"/>
      </Item1>
      <Item2>
        <Name Value="ECodetoolError"/>
      </Item2>
      <Item3>
        <Name Value="EFOpenError"/>
      </Item3>
    </Exceptions>
  </Debugging>
</CONFIG>
